// !$*UTF8*$!
{
	archiveVersion = 1;
	classes = {
	};
	objectVersion = 50;
	objects = {

/* Begin PBXBuildFile section */
		7777C78621590144005C1307 /* AppDelegate.swift in Sources */ = {isa = PBXBuildFile; fileRef = 7777C78521590144005C1307 /* AppDelegate.swift */; };
		7777C78821590144005C1307 /* ViewController.swift in Sources */ = {isa = PBXBuildFile; fileRef = 7777C78721590144005C1307 /* ViewController.swift */; };
		7777C78B21590144005C1307 /* Main.storyboard in Resources */ = {isa = PBXBuildFile; fileRef = 7777C78921590144005C1307 /* Main.storyboard */; };
		7777C78D21590145005C1307 /* Assets.xcassets in Resources */ = {isa = PBXBuildFile; fileRef = 7777C78C21590145005C1307 /* Assets.xcassets */; };
		7777C79021590145005C1307 /* LaunchScreen.storyboard in Resources */ = {isa = PBXBuildFile; fileRef = 7777C78E21590145005C1307 /* LaunchScreen.storyboard */; };
		F28DAAF7215AB5AD00386D57 /* animated.gif in Resources */ = {isa = PBXBuildFile; fileRef = F28DAAF6215AB5AC00386D57 /* animated.gif */; };
		F28DAAFB215ABCDF00386D57 /* Zoetrope.framework in Embed Frameworks */ = {isa = PBXBuildFile; fileRef = 7777C79C2159018B005C1307 /* Zoetrope.framework */; settings = {ATTRIBUTES = (CodeSignOnCopy, RemoveHeadersOnCopy, ); }; };
/* End PBXBuildFile section */

/* Begin PBXContainerItemProxy section */
		7777C79B2159018B005C1307 /* PBXContainerItemProxy */ = {
			isa = PBXContainerItemProxy;
			containerPortal = 7777C7972159018B005C1307 /* Zoetrope.xcodeproj */;
			proxyType = 2;
			remoteGlobalIDString = 7777C76C215900AE005C1307;
			remoteInfo = Zoetrope;
		};
		F28DAAF8215ABC9D00386D57 /* PBXContainerItemProxy */ = {
			isa = PBXContainerItemProxy;
			containerPortal = 7777C7972159018B005C1307 /* Zoetrope.xcodeproj */;
			proxyType = 1;
			remoteGlobalIDString = 7777C76B215900AE005C1307;
			remoteInfo = Zoetrope;
		};
		F28DAAFC215ABCDF00386D57 /* PBXContainerItemProxy */ = {
			isa = PBXContainerItemProxy;
			containerPortal = 7777C7972159018B005C1307 /* Zoetrope.xcodeproj */;
			proxyType = 1;
			remoteGlobalIDString = 7777C76B215900AE005C1307;
			remoteInfo = Zoetrope;
		};
/* End PBXContainerItemProxy section */

/* Begin PBXCopyFilesBuildPhase section */
		F28DAAFE215ABCDF00386D57 /* Embed Frameworks */ = {
			isa = PBXCopyFilesBuildPhase;
			buildActionMask = 2147483647;
			dstPath = "";
			dstSubfolderSpec = 10;
			files = (
				F28DAAFB215ABCDF00386D57 /* Zoetrope.framework in Embed Frameworks */,
			);
			name = "Embed Frameworks";
			runOnlyForDeploymentPostprocessing = 0;
		};
/* End PBXCopyFilesBuildPhase section */

/* Begin PBXFileReference section */
		7777C78221590143005C1307 /* Example.app */ = {isa = PBXFileReference; explicitFileType = wrapper.application; includeInIndex = 0; path = Example.app; sourceTree = BUILT_PRODUCTS_DIR; };
		7777C78521590144005C1307 /* AppDelegate.swift */ = {isa = PBXFileReference; lastKnownFileType = sourcecode.swift; path = AppDelegate.swift; sourceTree = "<group>"; };
		7777C78721590144005C1307 /* ViewController.swift */ = {isa = PBXFileReference; lastKnownFileType = sourcecode.swift; path = ViewController.swift; sourceTree = "<group>"; };
		7777C78A21590144005C1307 /* Base */ = {isa = PBXFileReference; lastKnownFileType = file.storyboard; name = Base; path = Base.lproj/Main.storyboard; sourceTree = "<group>"; };
		7777C78C21590145005C1307 /* Assets.xcassets */ = {isa = PBXFileReference; lastKnownFileType = folder.assetcatalog; path = Assets.xcassets; sourceTree = "<group>"; };
		7777C78F21590145005C1307 /* Base */ = {isa = PBXFileReference; lastKnownFileType = file.storyboard; name = Base; path = Base.lproj/LaunchScreen.storyboard; sourceTree = "<group>"; };
		7777C79121590145005C1307 /* Info.plist */ = {isa = PBXFileReference; lastKnownFileType = text.plist.xml; path = Info.plist; sourceTree = "<group>"; };
		7777C7972159018B005C1307 /* Zoetrope.xcodeproj */ = {isa = PBXFileReference; lastKnownFileType = "wrapper.pb-project"; name = Zoetrope.xcodeproj; path = ../Zoetrope.xcodeproj; sourceTree = "<group>"; };
		F28DAAF6215AB5AC00386D57 /* animated.gif */ = {isa = PBXFileReference; lastKnownFileType = image.gif; path = animated.gif; sourceTree = "<group>"; };
/* End PBXFileReference section */

/* Begin PBXFrameworksBuildPhase section */
		7777C77F21590143005C1307 /* Frameworks */ = {
			isa = PBXFrameworksBuildPhase;
			buildActionMask = 2147483647;
			files = (
			);
			runOnlyForDeploymentPostprocessing = 0;
		};
/* End PBXFrameworksBuildPhase section */

/* Begin PBXGroup section */
		7777C77921590143005C1307 = {
			isa = PBXGroup;
			children = (
				7777C7972159018B005C1307 /* Zoetrope.xcodeproj */,
				7777C78421590143005C1307 /* Example */,
				7777C78321590143005C1307 /* Products */,
				7777C79D215901D8005C1307 /* Frameworks */,
			);
			sourceTree = "<group>";
		};
		7777C78321590143005C1307 /* Products */ = {
			isa = PBXGroup;
			children = (
				7777C78221590143005C1307 /* Example.app */,
			);
			name = Products;
			sourceTree = "<group>";
		};
		7777C78421590143005C1307 /* Example */ = {
			isa = PBXGroup;
			children = (
				7777C78521590144005C1307 /* AppDelegate.swift */,
				7777C78721590144005C1307 /* ViewController.swift */,
				F28DAAF6215AB5AC00386D57 /* animated.gif */,
				7777C78921590144005C1307 /* Main.storyboard */,
				7777C78C21590145005C1307 /* Assets.xcassets */,
				7777C78E21590145005C1307 /* LaunchScreen.storyboard */,
				7777C79121590145005C1307 /* Info.plist */,
			);
			path = Example;
			sourceTree = "<group>";
		};
		7777C7982159018B005C1307 /* Products */ = {
			isa = PBXGroup;
			children = (
				7777C79C2159018B005C1307 /* Zoetrope.framework */,
			);
			name = Products;
			sourceTree = "<group>";
		};
		7777C79D215901D8005C1307 /* Frameworks */ = {
			isa = PBXGroup;
			children = (
			);
			name = Frameworks;
			sourceTree = "<group>";
		};
/* End PBXGroup section */

/* Begin PBXNativeTarget section */
		7777C78121590143005C1307 /* Example */ = {
			isa = PBXNativeTarget;
			buildConfigurationList = 7777C79421590145005C1307 /* Build configuration list for PBXNativeTarget "Example" */;
			buildPhases = (
				7777C77E21590143005C1307 /* Sources */,
				7777C77F21590143005C1307 /* Frameworks */,
				7777C78021590143005C1307 /* Resources */,
				F28DAAFE215ABCDF00386D57 /* Embed Frameworks */,
			);
			buildRules = (
			);
			dependencies = (
				F28DAAF9215ABC9D00386D57 /* PBXTargetDependency */,
				F28DAAFD215ABCDF00386D57 /* PBXTargetDependency */,
			);
			name = Example;
			productName = Example;
			productReference = 7777C78221590143005C1307 /* Example.app */;
			productType = "com.apple.product-type.application";
		};
/* End PBXNativeTarget section */

/* Begin PBXProject section */
		7777C77A21590143005C1307 /* Project object */ = {
			isa = PBXProject;
			attributes = {
				LastSwiftUpdateCheck = 1000;
				LastUpgradeCheck = 1000;
				ORGANIZATIONNAME = Schnaub;
				TargetAttributes = {
					7777C78121590143005C1307 = {
						CreatedOnToolsVersion = 10.0;
					};
				};
			};
			buildConfigurationList = 7777C77D21590143005C1307 /* Build configuration list for PBXProject "Example" */;
			compatibilityVersion = "Xcode 9.3";
			developmentRegion = en;
			hasScannedForEncodings = 0;
			knownRegions = (
				en,
				Base,
			);
			mainGroup = 7777C77921590143005C1307;
			productRefGroup = 7777C78321590143005C1307 /* Products */;
			projectDirPath = "";
			projectReferences = (
				{
					ProductGroup = 7777C7982159018B005C1307 /* Products */;
					ProjectRef = 7777C7972159018B005C1307 /* Zoetrope.xcodeproj */;
				},
			);
			projectRoot = "";
			targets = (
				7777C78121590143005C1307 /* Example */,
			);
		};
/* End PBXProject section */

/* Begin PBXReferenceProxy section */
		7777C79C2159018B005C1307 /* Zoetrope.framework */ = {
			isa = PBXReferenceProxy;
			fileType = wrapper.framework;
			path = Zoetrope.framework;
			remoteRef = 7777C79B2159018B005C1307 /* PBXContainerItemProxy */;
			sourceTree = BUILT_PRODUCTS_DIR;
		};
/* End PBXReferenceProxy section */

/* Begin PBXResourcesBuildPhase section */
		7777C78021590143005C1307 /* Resources */ = {
			isa = PBXResourcesBuildPhase;
			buildActionMask = 2147483647;
			files = (
				7777C79021590145005C1307 /* LaunchScreen.storyboard in Resources */,
				7777C78D21590145005C1307 /* Assets.xcassets in Resources */,
				7777C78B21590144005C1307 /* Main.storyboard in Resources */,
				F28DAAF7215AB5AD00386D57 /* animated.gif in Resources */,
			);
			runOnlyForDeploymentPostprocessing = 0;
		};
/* End PBXResourcesBuildPhase section */

/* Begin PBXSourcesBuildPhase section */
		7777C77E21590143005C1307 /* Sources */ = {
			isa = PBXSourcesBuildPhase;
			buildActionMask = 2147483647;
			files = (
				7777C78821590144005C1307 /* ViewController.swift in Sources */,
				7777C78621590144005C1307 /* AppDelegate.swift in Sources */,
			);
			runOnlyForDeploymentPostprocessing = 0;
		};
/* End PBXSourcesBuildPhase section */

/* Begin PBXTargetDependency section */
		F28DAAF9215ABC9D00386D57 /* PBXTargetDependency */ = {
			isa = PBXTargetDependency;
			name = Zoetrope;
			targetProxy = F28DAAF8215ABC9D00386D57 /* PBXContainerItemProxy */;
		};
		F28DAAFD215ABCDF00386D57 /* PBXTargetDependency */ = {
			isa = PBXTargetDependency;
			name = Zoetrope;
			targetProxy = F28DAAFC215ABCDF00386D57 /* PBXContainerItemProxy */;
		};
/* End PBXTargetDependency section */

/* Begin PBXVariantGroup section */
		7777C78921590144005C1307 /* Main.storyboard */ = {
			isa = PBXVariantGroup;
			children = (
				7777C78A21590144005C1307 /* Base */,
			);
			name = Main.storyboard;
			sourceTree = "<group>";
		};
		7777C78E21590145005C1307 /* LaunchScreen.storyboard */ = {
			isa = PBXVariantGroup;
			children = (
				7777C78F21590145005C1307 /* Base */,
			);
			name = LaunchScreen.storyboard;
			sourceTree = "<group>";
		};
/* End PBXVariantGroup section */

/* Begin XCBuildConfiguration section */
		7777C79221590145005C1307 /* Debug */ = {
			isa = XCBuildConfiguration;
			buildSettings = {
				ALWAYS_SEARCH_USER_PATHS = NO;
				CLANG_ANALYZER_NONNULL = YES;
				CLANG_ANALYZER_NUMBER_OBJECT_CONVERSION = YES_AGGRESSIVE;
				CLANG_CXX_LANGUAGE_STANDARD = "gnu++14";
				CLANG_CXX_LIBRARY = "libc++";
				CLANG_ENABLE_MODULES = YES;
				CLANG_ENABLE_OBJC_ARC = YES;
				CLANG_ENABLE_OBJC_WEAK = YES;
				CLANG_WARN_BLOCK_CAPTURE_AUTORELEASING = YES;
				CLANG_WARN_BOOL_CONVERSION = YES;
				CLANG_WARN_COMMA = YES;
				CLANG_WARN_CONSTANT_CONVERSION = YES;
				CLANG_WARN_DEPRECATED_OBJC_IMPLEMENTATIONS = YES;
				CLANG_WARN_DIRECT_OBJC_ISA_USAGE = YES_ERROR;
				CLANG_WARN_DOCUMENTATION_COMMENTS = YES;
				CLANG_WARN_EMPTY_BODY = YES;
				CLANG_WARN_ENUM_CONVERSION = YES;
				CLANG_WARN_INFINITE_RECURSION = YES;
				CLANG_WARN_INT_CONVERSION = YES;
				CLANG_WARN_NON_LITERAL_NULL_CONVERSION = YES;
				CLANG_WARN_OBJC_IMPLICIT_RETAIN_SELF = YES;
				CLANG_WARN_OBJC_LITERAL_CONVERSION = YES;
				CLANG_WARN_OBJC_ROOT_CLASS = YES_ERROR;
				CLANG_WARN_RANGE_LOOP_ANALYSIS = YES;
				CLANG_WARN_STRICT_PROTOTYPES = YES;
				CLANG_WARN_SUSPICIOUS_MOVE = YES;
				CLANG_WARN_UNGUARDED_AVAILABILITY = YES_AGGRESSIVE;
				CLANG_WARN_UNREACHABLE_CODE = YES;
				CLANG_WARN__DUPLICATE_METHOD_MATCH = YES;
				CODE_SIGN_IDENTITY = "iPhone Developer";
				COPY_PHASE_STRIP = NO;
				DEBUG_INFORMATION_FORMAT = dwarf;
				ENABLE_STRICT_OBJC_MSGSEND = YES;
				ENABLE_TESTABILITY = YES;
				GCC_C_LANGUAGE_STANDARD = gnu11;
				GCC_DYNAMIC_NO_PIC = NO;
				GCC_NO_COMMON_BLOCKS = YES;
				GCC_OPTIMIZATION_LEVEL = 0;
				GCC_PREPROCESSOR_DEFINITIONS = (
					"DEBUG=1",
					"$(inherited)",
				);
				GCC_WARN_64_TO_32_BIT_CONVERSION = YES;
				GCC_WARN_ABOUT_RETURN_TYPE = YES_ERROR;
				GCC_WARN_UNDECLARED_SELECTOR = YES;
				GCC_WARN_UNINITIALIZED_AUTOS = YES_AGGRESSIVE;
				GCC_WARN_UNUSED_FUNCTION = YES;
				GCC_WARN_UNUSED_VARIABLE = YES;
				IPHONEOS_DEPLOYMENT_TARGET = 12.0;
				MTL_ENABLE_DEBUG_INFO = INCLUDE_SOURCE;
				MTL_FAST_MATH = YES;
				ONLY_ACTIVE_ARCH = YES;
				SDKROOT = iphoneos;
				SWIFT_ACTIVE_COMPILATION_CONDITIONS = DEBUG;
				SWIFT_OPTIMIZATION_LEVEL = "-Onone";
			};
			name = Debug;
		};
		7777C79321590145005C1307 /* Release */ = {
			isa = XCBuildConfiguration;
			buildSettings = {
				ALWAYS_SEARCH_USER_PATHS = NO;
				CLANG_ANALYZER_NONNULL = YES;
				CLANG_ANALYZER_NUMBER_OBJECT_CONVERSION = YES_AGGRESSIVE;
				CLANG_CXX_LANGUAGE_STANDARD = "gnu++14";
				CLANG_CXX_LIBRARY = "libc++";
				CLANG_ENABLE_MODULES = YES;
				CLANG_ENABLE_OBJC_ARC = YES;
				CLANG_ENABLE_OBJC_WEAK = YES;
				CLANG_WARN_BLOCK_CAPTURE_AUTORELEASING = YES;
				CLANG_WARN_BOOL_CONVERSION = YES;
				CLANG_WARN_COMMA = YES;
				CLANG_WARN_CONSTANT_CONVERSION = YES;
				CLANG_WARN_DEPRECATED_OBJC_IMPLEMENTATIONS = YES;
				CLANG_WARN_DIRECT_OBJC_ISA_USAGE = YES_ERROR;
				CLANG_WARN_DOCUMENTATION_COMMENTS = YES;
				CLANG_WARN_EMPTY_BODY = YES;
				CLANG_WARN_ENUM_CONVERSION = YES;
				CLANG_WARN_INFINITE_RECURSION = YES;
				CLANG_WARN_INT_CONVERSION = YES;
				CLANG_WARN_NON_LITERAL_NULL_CONVERSION = YES;
				CLANG_WARN_OBJC_IMPLICIT_RETAIN_SELF = YES;
				CLANG_WARN_OBJC_LITERAL_CONVERSION = YES;
				CLANG_WARN_OBJC_ROOT_CLASS = YES_ERROR;
				CLANG_WARN_RANGE_LOOP_ANALYSIS = YES;
				CLANG_WARN_STRICT_PROTOTYPES = YES;
				CLANG_WARN_SUSPICIOUS_MOVE = YES;
				CLANG_WARN_UNGUARDED_AVAILABILITY = YES_AGGRESSIVE;
				CLANG_WARN_UNREACHABLE_CODE = YES;
				CLANG_WARN__DUPLICATE_METHOD_MATCH = YES;
				CODE_SIGN_IDENTITY = "iPhone Developer";
				COPY_PHASE_STRIP = NO;
				DEBUG_INFORMATION_FORMAT = "dwarf-with-dsym";
				ENABLE_NS_ASSERTIONS = NO;
				ENABLE_STRICT_OBJC_MSGSEND = YES;
				GCC_C_LANGUAGE_STANDARD = gnu11;
				GCC_NO_COMMON_BLOCKS = YES;
				GCC_WARN_64_TO_32_BIT_CONVERSION = YES;
				GCC_WARN_ABOUT_RETURN_TYPE = YES_ERROR;
				GCC_WARN_UNDECLARED_SELECTOR = YES;
				GCC_WARN_UNINITIALIZED_AUTOS = YES_AGGRESSIVE;
				GCC_WARN_UNUSED_FUNCTION = YES;
				GCC_WARN_UNUSED_VARIABLE = YES;
				IPHONEOS_DEPLOYMENT_TARGET = 12.0;
				MTL_ENABLE_DEBUG_INFO = NO;
				MTL_FAST_MATH = YES;
				SDKROOT = iphoneos;
				SWIFT_COMPILATION_MODE = wholemodule;
				SWIFT_OPTIMIZATION_LEVEL = "-O";
				VALIDATE_PRODUCT = YES;
			};
			name = Release;
		};
		7777C79521590145005C1307 /* Debug */ = {
			isa = XCBuildConfiguration;
			buildSettings = {
				ALWAYS_EMBED_SWIFT_STANDARD_LIBRARIES = YES;
				ASSETCATALOG_COMPILER_APPICON_NAME = AppIcon;
				CODE_SIGN_STYLE = Automatic;
				DEVELOPMENT_TEAM = CPRVB9W254;
				INFOPLIST_FILE = Example/Info.plist;
				LD_RUNPATH_SEARCH_PATHS = (
					"$(inherited)",
					"@executable_path/Frameworks",
				);
				PRODUCT_BUNDLE_IDENTIFIER = com.schnaub.Example;
				PRODUCT_NAME = "$(TARGET_NAME)";
				SWIFT_VERSION = 4.2;
				TARGETED_DEVICE_FAMILY = "1,2";
			};
			name = Debug;
		};
		7777C79621590145005C1307 /* Release */ = {
			isa = XCBuildConfiguration;
			buildSettings = {
				ALWAYS_EMBED_SWIFT_STANDARD_LIBRARIES = YES;
				ASSETCATALOG_COMPILER_APPICON_NAME = AppIcon;
				CODE_SIGN_STYLE = Automatic;
				DEVELOPMENT_TEAM = CPRVB9W254;
				INFOPLIST_FILE = Example/Info.plist;
				LD_RUNPATH_SEARCH_PATHS = (
					"$(inherited)",
					"@executable_path/Frameworks",
				);
				PRODUCT_BUNDLE_IDENTIFIER = com.schnaub.Example;
				PRODUCT_NAME = "$(TARGET_NAME)";
				SWIFT_VERSION = 4.2;
				TARGETED_DEVICE_FAMILY = "1,2";
			};
			name = Release;
		};
/* End XCBuildConfiguration section */

/* Begin XCConfigurationList section */
		7777C77D21590143005C1307 /* Build configuration list for PBXProject "Example" */ = {
			isa = XCConfigurationList;
			buildConfigurations = (
				7777C79221590145005C1307 /* Debug */,
				7777C79321590145005C1307 /* Release */,
			);
			defaultConfigurationIsVisible = 0;
			defaultConfigurationName = Release;
		};
		7777C79421590145005C1307 /* Build configuration list for PBXNativeTarget "Example" */ = {
			isa = XCConfigurationList;
			buildConfigurations = (
				7777C79521590145005C1307 /* Debug */,
				7777C79621590145005C1307 /* Release */,
			);
			defaultConfigurationIsVisible = 0;
			defaultConfigurationName = Release;
		};
/* End XCConfigurationList section */
	};
	rootObject = 7777C77A21590143005C1307 /* Project object */;
}
